---
lockfileVersion: '9.0'

importers:

  .:
    configDependencies: {}
    packageManagerDependencies:
      pnpm:
        specifier: 12.1.0
        version: 12.1.0

packages:

  '@pnpm/exe.darwin-arm64@12.1.0':
    resolution: {integrity: sha512-9K+uSnTsJe9zD/YCMPiQDiwU8IiQRp+ZEE9IyVSr0Ppzfg5/xC0pwet2R320ifDIMroT3WYLkCEolV6XxtSS/g==}
    cpu: [arm64]
    os: [darwin]

  '@pnpm/exe.darwin-x64@12.1.0':
    resolution: {integrity: sha512-JcOc77W/KLg5ZZXr7q0WN8UDKirxQTuoaTkqRfMNkGyUHc/4bfNxLwjoZBilRQV6xmhJvU79ZUg++eYohzJhog==}
    cpu: [x64]
    os: [darwin]

  '@pnpm/exe.linux-arm64-musl@12.1.0':
    resolution: {integrity: sha512-RVJlfI4T2l6XXA5s/Wv9HHEq4ztIq79fiZXDVHyHaKEbp+11ZM5k61z0gaGzXCEGUp5anW2Uc3UgQpmjAR+IPw==}
    cpu: [arm64]
    os: [linux]
    libc: [musl]

  '@pnpm/exe.linux-arm64@12.1.0':
    resolution: {integrity: sha512-iLEE0ykaRZ3/OBhIjwe/Zo96ac0c7pY7toyf6+jUN8gOsIIwJTS+AqSyOy+U1Zyhuuec8nJiRQ4URl60nRxTwA==}
    cpu: [arm64]
    os: [linux]
    libc: [glibc]

  '@pnpm/exe.linux-x64-musl@12.1.0':
    resolution: {integrity: sha512-k+NUTRbz2CR9DBvGyAdtXU5HHPXytxi9MQ79uQRYNLF8nr/l1qHo++TvZ0OUuEpRxhg9B3n84Itv6MAHJR7TQQ==}
    cpu: [x64]
    os: [linux]
    libc: [musl]

  '@pnpm/exe.linux-x64@12.1.0':
    resolution: {integrity: sha512-GTi1DEM8vwIWpgC8P+xhw3Y2Ko2V88WtKAjbNwdeJAzMpzmcBeE4f0c2QKmeKpvi8/eYarxSIvBhYkTjA1BAcQ==}
    cpu: [x64]
    os: [linux]
    libc: [glibc]

  '@pnpm/exe.win32-arm64@12.1.0':
    resolution: {integrity: sha512-cK6kklZY8rs3d9gg8akGUgjDenFy65ZSAANXojs98d7Ne7gbzZYzU2joHRRilfpzCfawgG+lpPsh46a4xu55jQ==}
    cpu: [arm64]
    os: [win32]

  '@pnpm/exe.win32-x64@12.1.0':
    resolution: {integrity: sha512-Pk7Lvq3E5PWQFRJLLnLgW2qJAphtgPYCaaODB+FZRRvKksn8IPnF8Aj+/AT4+52GmckiANTbKwCsL18naJhohw==}
    cpu: [x64]
    os: [win32]

  pnpm@12.1.0:
    resolution: {integrity: sha512-2bgnbZf27IbkmBWHf5Hun2PO5h8gY7ME5Dttq4+gfOipr9RtL6zTn5Ieap0Gs8dagTSce4iMLSKIa64CKZAQNw==}
    engines: {node: '>=18.*'}
    hasBin: true

snapshots:

  '@pnpm/exe.darwin-arm64@12.1.0':
    optional: true

  '@pnpm/exe.darwin-x64@12.1.0':
    optional: true

  '@pnpm/exe.linux-arm64-musl@12.1.0':
    optional: true

  '@pnpm/exe.linux-arm64@12.1.0':
    optional: true

  '@pnpm/exe.linux-x64-musl@12.1.0':
    optional: true

  '@pnpm/exe.linux-x64@12.1.0':
    optional: true

  '@pnpm/exe.win32-arm64@12.1.0':
    optional: true

  '@pnpm/exe.win32-x64@12.1.0':
    optional: true

  pnpm@12.1.0:
    optionalDependencies:
      '@pnpm/exe.darwin-arm64': 12.1.0
      '@pnpm/exe.darwin-x64': 12.1.0
      '@pnpm/exe.linux-arm64': 12.1.0
      '@pnpm/exe.linux-arm64-musl': 12.1.0
      '@pnpm/exe.linux-x64': 12.1.0
      '@pnpm/exe.linux-x64-musl': 12.1.0
      '@pnpm/exe.win32-arm64': 12.1.0
      '@pnpm/exe.win32-x64': 12.1.0

---
lockfileVersion: '9.0'

settings:
  autoInstallPeers: true
  excludeLinksFromLockfile: false

importers:

  .:
    devDependencies:
      '@microsoft/api-extractor':
        specifier: ^7.58.9
        version: 7.58.9(@types/node@22.10.1)
      '@rslib/core':
        specifier: 0.23.0
        version: 0.23.0(@microsoft/api-extractor@7.58.9(@types/node@22.10.1))(@typescript/native-preview@7.0.0-dev.20260623.1)(core-js@3.47.0)(typescript@6.0.3)
      '@rslint/core':
        specifier: ^0.6.2
        version: 0.6.2(jiti@2.6.1)
      '@rstest/adapter-rslib':
        specifier: 0.10.6
        version: 0.10.6(@rslib/core@0.23.0(@microsoft/api-extractor@7.58.9(@types/node@22.10.1))(@typescript/native-preview@7.0.0-dev.20260623.1)(core-js@3.47.0)(typescript@6.0.3))(@rstest/core@0.10.6(core-js@3.47.0))(typescript@6.0.3)
      '@rstest/core':
        specifier: 0.10.6
        version: 0.10.6(core-js@3.47.0)
      '@types/lodash-es':
        specifier: ^4.17.12
        version: 4.17.12
      '@types/node':
        specifier: ^22.10.1
        version: 22.10.1
      '@typescript/native-preview':
        specifier: 7.0.0-dev.20260623.1
        version: 7.0.0-dev.20260623.1
      lodash-es:
        specifier: ^4.17.21
        version: 4.17.21
      prettier:
        specifier: ^3.8.4
        version: 3.8.4
      rsbuild-plugin-publint:
        specifier: ^1.0.0
        version: 1.0.0(@rsbuild/core@2.0.15(core-js@3.47.0))
      simple-git-hooks:
        specifier: ^2.11.1
        version: 2.11.1
      typescript:
        specifier: ^6.0.3
        version: 6.0.3
      upath:
        specifier: ^2.0.1
        version: 2.0.1

packages:

  '@ast-grep/napi-darwin-arm64@0.37.0':
    resolution: {integrity: sha512-QAiIiaAbLvMEg/yBbyKn+p1gX2/FuaC0SMf7D7capm/oG4xGMzdeaQIcSosF4TCxxV+hIH4Bz9e4/u7w6Bnk3Q==}
    engines: {node: '>= 10'}
    cpu: [arm64]
    os: [darwin]

  '@ast-grep/napi-darwin-x64@0.37.0':
    resolution: {integrity: sha512-zvcvdgekd4ySV3zUbUp8HF5nk5zqwiMXTuVzTUdl/w08O7JjM6XPOIVT+d2o/MqwM9rsXdzdergY5oY2RdhSPA==}
    engines: {node: '>= 10'}
    cpu: [x64]
    os: [darwin]

  '@ast-grep/napi-linux-arm64-gnu@0.37.0':
    resolution: {integrity: sha512-L7Sj0lXy8X+BqSMgr1LB8cCoWk0rericdeu+dC8/c8zpsav5Oo2IQKY1PmiZ7H8IHoFBbURLf8iklY9wsD+cyA==}
    engines: {node: '>= 10'}
    cpu: [arm64]
    os: [linux]
    libc: [glibc]

  '@ast-grep/napi-linux-arm64-musl@0.37.0':
    resolution: {integrity: sha512-LF9sAvYy6es/OdyJDO3RwkX3I82Vkfsng1sqUBcoWC1jVb1wX5YVzHtpQox9JrEhGl+bNp7FYxB4Qba9OdA5GA==}
    engines: {node: '>= 10'}
    cpu: [arm64]
    os: [linux]
    libc: [musl]

  '@ast-grep/napi-linux-x64-gnu@0.37.0':
    resolution: {integrity: sha512-TViz5/klqre6aSmJzswEIjApnGjJzstG/SE8VDWsrftMBMYt2PTu3MeluZVwzSqDao8doT/P+6U11dU05UOgxw==}
    engines: {node: '>= 10'}
    cpu: [x64]
    os: [linux]
    libc: [glibc]

  '@ast-grep/napi-linux-x64-musl@0.37.0':
    resolution: {integrity: sha512-/BcCH33S9E3ovOAEoxYngUNXgb+JLg991sdyiNP2bSoYd30a9RHrG7CYwW6fMgua3ijQ474eV6cq9yZO1bCpXg==}
    engines: {node: '>= 10'}
    cpu: [x64]
    os: [linux]
    libc: [musl]

  '@ast-grep/napi-win32-arm64-msvc@0.37.0':
    resolution: {integrity: sha512-TjQA4cFoIEW2bgjLkaL9yqT4XWuuLa5MCNd0VCDhGRDMNQ9+rhwi9eLOWRaap3xzT7g+nlbcEHL3AkVCD2+b3A==}
    engines: {node: '>= 10'}
    cpu: [arm64]
    os: [win32]

  '@ast-grep/napi-win32-ia32-msvc@0.37.0':
    resolution: {integrity: sha512-uNmVka8fJCdYsyOlF9aZqQMLTatEYBynjChVTzUfFMDfmZ0bihs/YTqJVbkSm8TZM7CUX82apvn50z/dX5iWRA==}
    engines: {node: '>= 10'}
    cpu: [ia32]
    os: [win32]

  '@ast-grep/napi-win32-x64-msvc@0.37.0':
    resolution: {integrity: sha512-vCiFOT3hSCQuHHfZ933GAwnPzmL0G04JxQEsBRfqONywyT8bSdDc/ECpAfr3S9VcS4JZ9/F6tkePKW/Om2Dq2g==}
    engines: {node: '>= 10'}
    cpu: [x64]
    os: [win32]

  '@ast-grep/napi@0.37.0':
    resolution: {integrity: sha512-Hb4o6h1Pf6yRUAX07DR4JVY7dmQw+RVQMW5/m55GoiAT/VRoKCWBtIUPPOnqDVhbx1Cjfil9b6EDrgJsUAujEQ==}
    engines: {node: '>= 10'}

  '@emnapi/core@1.10.0':
    resolution: {integrity: sha512-yq6OkJ4p82CAfPl0u9mQebQHKPJkY7WrIuk205cTYnYe+k2Z8YBh11FrbRG/H6ihirqcacOgl2BIO8oyMQLeXw==}

  '@emnapi/runtime@1.10.0':
    resolution: {integrity: sha512-ewvYlk86xUoGI0zQRNq/mC+16R1QeDlKQy21Ki3oSYXNgLb45GV1P6A0M+/s6nyCuNDqe5VpaY84BzXGwVbwFA==}

  '@emnapi/wasi-threads@1.2.1':
    resolution: {integrity: sha512-uTII7OYF+/Mes/MrcIOYp5yOtSMLBWSIoLPpcgwipoiKbli6k322tcoFsxoIIxPDqW01SQGAgko4EzZi2BNv2w==}

  '@microsoft/api-extractor-model@7.33.8':
    resolution: {integrity: sha512-aIcoQggPyer3B6Ze3usz0YWC/oBwUHfRH5ETUsr+oT2BRA6SfTJl7IKPcPZkX4UR+PohowzW4uMxsvjrn8vm+w==}

  '@microsoft/api-extractor@7.58.9':
    resolution: {integrity: sha512-S2UF4yza5GoxCmf7hJQNxJNZN9ltOVuOQv8Dy+Z21aol5ERoBNMdWcQHm4MJMPPItW4H/4rZD906iaf4mUojJA==}
    hasBin: true

  '@microsoft/tsdoc-config@0.18.1':
    resolution: {integrity: sha512-9brPoVdfN9k9g0dcWkFeA7IH9bbcttzDJlXvkf8b2OBzd5MueR1V2wkKBL0abn0otvmkHJC6aapBOTJDDeMCZg==}

  '@microsoft/tsdoc@0.16.0':
    resolution: {integrity: sha512-xgAyonlVVS+q7Vc7qLW0UrJU7rSFcETRWsqdXZtjzRU8dF+6CkozTK4V4y1LwOX7j8r/vHphjDeMeGI4tNGeGA==}

  '@napi-rs/wasm-runtime@1.1.4':
    resolution: {integrity: sha512-3NQNNgA1YSlJb/kMH1ildASP9HW7/7kYnRI2szWJaofaS1hWmbGI4H+d3+22aGzXXN9IJ+n+GiFVcGipJP18ow==}
    peerDependencies:
      '@emnapi/core': ^1.7.1
      '@emnapi/runtime': ^1.7.1

  '@publint/pack@0.1.4':
    resolution: {integrity: sha512-HDVTWq3H0uTXiU0eeSQntcVUTPP3GamzeXI41+x7uU9J65JgWQh3qWZHblR1i0npXfFtF+mxBiU2nJH8znxWnQ==}
    engines: {node: '>=18'}

  '@rsbuild/core@2.0.15':
    resolution: {integrity: sha512-O8vmMhZu1YImO6jOqt/K/vlJSvkq7UtSq5YM1DIlcEd9LW8Gf6/dkQ1B2KPI6F+hSMFBnTTTumdcIowSLCw97g==}
    engines: {node: ^20.19.0 || >=22.12.0}
    hasBin: true
    peerDependencies:
      core-js: '>= 3.0.0'
    peerDependenciesMeta:
      core-js:
        optional: true

  '@rslib/core@0.23.0':
    resolution: {integrity: sha512-OEn5iNKYIyoy0JEUOXH2UTPBKlQRy/RjOtODhC4vS/sIw9iE8Nsp/4s0aeOkNtxsenuuxZCZo2foYvilI7VRgg==}
    engines: {node: ^20.19.0 || >=22.12.0}
    hasBin: true
    peerDependencies:
      '@microsoft/api-extractor': ^7
      typescript: ^5 || ^6
    peerDependenciesMeta:
      '@microsoft/api-extractor':
        optional: true
      typescript:
        optional: true

  '@rslint/core@0.6.2':
    resolution: {integrity: sha512-ogJpVQzQm32JsHTG1NGNkBSRBIrvFJl+gAQzpCJGX1kk1H57uKl+jUQXy0iEX/coWsz01F3IpaFg1XpXPKWt6g==}
    hasBin: true
    peerDependencies:
      jiti: ^2.0.0
    peerDependenciesMeta:
      jiti:
        optional: true

  '@rslint/native-darwin-arm64@0.6.2':
    resolution: {integrity: sha512-0lZ3QihOEtII9pVXrhrjIJklcM68GkrffyRikX9HSpkNzUVlzzRwFIRIdk7FLkD+xBUdmbjcP0SoBn4fFQhfHA==}
    cpu: [arm64]
    os: [darwin]

  '@rslint/native-darwin-x64@0.6.2':
    resolution: {integrity: sha512-Qt5MFGRoLT9yve/QB+J4oOyBl0dUUO8CH4JqOOEPzwNhF+9uoLqOWnCY6g0h0aDRGaNKklcyNoSksIpdrYsUCA==}
    cpu: [x64]
    os: [darwin]

  '@rslint/native-linux-arm64-gnu@0.6.2':
    resolution: {integrity: sha512-S6yRUXaH0c+K4jFPSz2jOdqDx6IzFqp9J9QFv7IqtZSZCj0fszam1xKrWfaR5eBMeF/WhP3gJFxZMsHRjt6zvw==}
    cpu: [arm64]
    os: [linux]
    libc: [glibc]

  '@rslint/native-linux-arm64-musl@0.6.2':
    resolution: {integrity: sha512-t32ryxYDsfqdiJyAm3QaPH2Tk6nwEgPvHTqBw6zQicPlWQdOI2vgFfNJSLFCiYnlPthRCu7zez6RTcrbEScn3w==}
    cpu: [arm64]
    os: [linux]
    libc: [musl]

  '@rslint/native-linux-x64-gnu@0.6.2':
    resolution: {integrity: sha512-7OERRKE+G11r8mkxFIYXeBQ1D782SN/NXYaOekBBnPT0S/Dd1LLK7gdBkUoyXbfLslKWgjAc5/ijfNIk4tFDhw==}
    cpu: [x64]
    os: [linux]
    libc: [glibc]

  '@rslint/native-linux-x64-musl@0.6.2':
    resolution: {integrity: sha512-fuz2ASX8jxm0OuOoM8CGK7GIqTPVG/w7VZG3bMqfPgdGFsElyCgbEud29uz0NwIxWitEVqIsyR+hfHN/AAOdsQ==}
    cpu: [x64]
    os: [linux]
    libc: [musl]

  '@rslint/native-win32-arm64-msvc@0.6.2':
    resolution: {integrity: sha512-e2TFf7jMX7KzeMUj0FyaAiAs/EeQn2SFyYRWBXn0yGzo41y7lwuBC3JdPqfi08aNNyjWnDS5HtBt3B4Tm1Ursw==}
    cpu: [arm64]
    os: [win32]

  '@rslint/native-win32-x64-msvc@0.6.2':
    resolution: {integrity: sha512-GetOAXl97lNr9LQjVlhMX1g6tvtUnFhgI4k9P8l16HHzVVHyfIRifWIjDCv8keE4HhZ8mwtSGqGwI6escST7pA==}
    cpu: [x64]
    os: [win32]

  '@rspack/binding-darwin-arm64@2.0.8':
    resolution: {integrity: sha512-vCgbgH7B7qom+uID+RCZsTCOYFb9wC4/4+1U6rMfytrXGVJ72eNQs2tbdjOl0lb18CT3N/n+VkWynUiLk84GwA==}
    cpu: [arm64]
    os: [darwin]

  '@rspack/binding-darwin-x64@2.0.8':
    resolution: {integrity: sha512-satPm2PD4B7jDTVlVAdvMVdUszwLvWUEnUDzLb77mvVkezKNDZmuhb+e8s+FfKs8hJpNbZ9VAejuA2rr8o985w==}
    cpu: [x64]
    os: [darwin]

  '@rspack/binding-linux-arm64-gnu@2.0.8':
    resolution: {integrity: sha512-pSI+npPQE/uDtiboqvcOIRJbEV2+B+H1xffmko/gw50la92oTUW60kVULFwsb6L0+GVCzIcwX3yq60GtYIn+Ug==}
    cpu: [arm64]
    os: [linux]
    libc: [glibc]

  '@rspack/binding-linux-arm64-musl@2.0.8':
    resolution: {integrity: sha512-igjJ43yxWQ72GZqjDDZSSHax9/Vg+6rLMmOvFglTJUkQpB4Tyvu/YjW+WRjYj2xRw6blOjLxUSJWASvuSqqlvg==}
    cpu: [arm64]
    os: [linux]
    libc: [musl]

  '@rspack/binding-linux-x64-gnu@2.0.8':
    resolution: {integrity: sha512-zrkoEOnqj1hOEBO5T2I/2Ts2HSJsYFh1qXwMpK4dMJFGGNWDfNeUa6/LF5uq3VINF3JUl7RL47AgrucoSZJXPA==}
    cpu: [x64]
    os: [linux]
    libc: [glibc]

  '@rspack/binding-linux-x64-musl@2.0.8':
    resolution: {integrity: sha512-6CtDaGZjNDvJd9TBp7a9zABbrPORO21W96+3ZcGBn0YNUPUk4ARxIxrTTpeJ/1F41QDM8AYIkGDdqEYMqTYBsA==}
    cpu: [x64]
    os: [linux]
    libc: [musl]

  '@rspack/binding-wasm32-wasi@2.0.8':
    resolution: {integrity: sha512-Yf4SiqTUroT5Ju+te0YAY2xxKOb35tECsO21v7hYyGa705wrgoAK/MmF7enOvs9GR1iZIqgiLD/wxsIxl8GjJw==}
    cpu: [wasm32]

  '@rspack/binding-win32-arm64-msvc@2.0.8':
    resolution: {integrity: sha512-8NCuiQsAhXrwRBy57QZoypqrws/zLBkaQVGiB8hksr6v++8hNigNjqpQARLbd0iyMuHsQQ++8+auGk6xlDXmzw==}
    cpu: [arm64]
    os: [win32]

  '@rspack/binding-win32-ia32-msvc@2.0.8':
    resolution: {integrity: sha512-bxiekytbX7V9KFAra+HkwtNWC6pYfHEBBZFpiT0xUs3mCFOmAAFVBsBSQsoCP9AdCEXoMAvNdnrHNw3iov4OZw==}
    cpu: [ia32]
    os: [win32]

  '@rspack/binding-win32-x64-msvc@2.0.8':
    resolution: {integrity: sha512-7zPs8YCe/ZVJTwd+5lpB0CP0tkn2pONf/T1ycmVY76u21Nrwt8mXQGc/2yH2eWP4B7fikYBr3hGr7mpR2fajqQ==}
    cpu: [x64]
    os: [win32]

  '@rspack/binding@2.0.8':
    resolution: {integrity: sha512-3uZ+y8aQxq33ty2srMxg2Nu0XuBI6vVrG50rkDaXqwWqOohfgGUSfFuQK7EnSUNy4aFUQlCG6NHialQHJov0wg==}

  '@rspack/core@2.0.8':
    resolution: {integrity: sha512-+NLGJf8gZxihDmMFzjlly3toc2SMjeDmuvz0/Cai9AMdV4F+Pqcnt2BA9V4e3SY2jmhJQtPwgyyLtR1RiJO77g==}
    engines: {node: ^20.19.0 || >=22.12.0}
    peerDependencies:
      '@module-federation/runtime-tools': ^0.24.1 || ^2.0.0
      '@swc/helpers': ^0.5.23
    peerDependenciesMeta:
      '@module-federation/runtime-tools':
        optional: true
      '@swc/helpers':
        optional: true

  '@rstest/adapter-rslib@0.10.6':
    resolution: {integrity: sha512-QMlAjT68eEESdVPJr46Wf1khLKuftXxDQKtqcPtWe8t7QdDUpu6YPS3QCEXX1kYFpcPlWdCFJo8irxBzNDqCYQ==}
    peerDependencies:
      '@rslib/core': '>=0.18.6'
      '@rstest/core': ^0.10.6
      typescript: ^5 || ^6
    peerDependenciesMeta:
      typescript:
        optional: true

  '@rstest/core@0.10.6':
    resolution: {integrity: sha512-nX61dw2Tnxfwy/jGZEuNbh2tzapgaH6Iwj4Aw5d2wxUwxptUL3ddUxFF5M1ZSWoLEVG30VaPg3ITzrSo5sdbTg==}
    engines: {node: ^20.19.0 || >=22.12.0}
    hasBin: true
    peerDependencies:
      happy-dom: ^20.8.3
      jsdom: '*'
    peerDependenciesMeta:
      happy-dom:
        optional: true
      jsdom:
        optional: true

  '@rushstack/node-core-library@5.23.1':
    resolution: {integrity: sha512-wlKmIKIYCKuCASbITvOxLZXepPbwXvrv7S6ig6XNWFchSyhL/E2txmVXspHY49Wu2dzf7nI27a2k/yV5BA3EiA==}
    peerDependencies:
      '@types/node': '*'
    peerDependenciesMeta:
      '@types/node':
        optional: true

  '@rushstack/problem-matcher@0.2.1':
    resolution: {integrity: sha512-gulfhBs6n+I5b7DvjKRfhMGyUejtSgOHTclF/eONr8hcgF1APEDjhxIsfdUYYMzC3rvLwGluqLjbwCFZ8nxrog==}
    peerDependencies:
      '@types/node': '*'
    peerDependenciesMeta:
      '@types/node':
        optional: true

  '@rushstack/rig-package@0.7.3':
    resolution: {integrity: sha512-aAA518n6wxxjCfnTAOjQnm7ngNE0FVHxHAw2pxKlIhxrMn0XQjGcXKF0oKWpjBgJOmsaJpVob/v+zr3zxgPWuA==}

  '@rushstack/terminal@0.24.0':
    resolution: {integrity: sha512-8ZQS4MMaGsv27EXCBiH7WMPkRZrffeDoIevs6z9TM5dzqiY6+Hn4evfK/G+gvgBTjfvfkHIZPQQmalmI2sM4TQ==}
    peerDependencies:
      '@types/node': '*'
    peerDependenciesMeta:
      '@types/node':
        optional: true

  '@rushstack/ts-command-line@5.3.10':
    resolution: {integrity: sha512-fwI076HYknC0IrMXdY6UmjDv+PH7NHhNJX3/pY2UblSE5XrXgndXZPiOe/6ZtuFpn6DvVDVNhtkIzQ+Qu/MhVQ==}

  '@swc/helpers@0.5.23':
    resolution: {integrity: sha512-5lSsMOTXURePglDfvuAQUqkGek9Hg2kksOYay2m0+XR++b2NWYL/4sWyuvVBIs8oKnJaxkdi9whaL/sqN13afw==}

  '@tybys/wasm-util@0.10.1':
    resolution: {integrity: sha512-9tTaPJLSiejZKx+Bmog4uSubteqTvFrVrURwkmHixBo0G4seD0zUxp98E1DzUBJxLQ3NPwXrGKDiVjwx/DpPsg==}

  '@types/argparse@1.0.38':
    resolution: {integrity: sha512-ebDJ9b0e702Yr7pWgB0jzm+CX4Srzz8RcXtLJDJB+BSccqMa36uyH/zUsSYao5+BD1ytv3k3rPYCq4mAE1hsXA==}

  '@types/chai@5.2.3':
    resolution: {integrity: sha512-Mw558oeA9fFbv65/y4mHtXDs9bPnFMZAL/jxdPFUpOHHIXX91mcgEHbS5Lahr+pwZFR8A7GQleRWeI6cGFC2UA==}

  '@types/deep-eql@4.0.2':
    resolution: {integrity: sha512-c9h9dVVMigMPc4bwTvC5dxqtqJZwQPePsWjPlpSOnojbor6pGqdk541lfA7AqFQr5pB1BRdq0juY9db81BwyFw==}

  '@types/lodash-es@4.17.12':
    resolution: {integrity: sha512-0NgftHUcV4v34VhXm8QBSftKVXtbkBG3ViCjs6+eJ5a6y6Mi/jiFGPc1sC7QK+9BFhWrURE3EOggmWaSxL9OzQ==}

  '@types/lodash@4.17.7':
    resolution: {integrity: sha512-8wTvZawATi/lsmNu10/j2hk1KEP0IvjubqPE3cu1Xz7xfXXt5oCq3SNUz4fMIP4XGF9Ky+Ue2tBA3hcS7LSBlA==}

  '@types/node@22.10.1':
    resolution: {integrity: sha512-qKgsUwfHZV2WCWLAnVP1JqnpE6Im6h3Y0+fYgMTasNQ7V++CBX5OT1as0g0f+OyubbFqhf6XVNIsmN4IIhEgGQ==}

  '@typescript/native-preview-darwin-arm64@7.0.0-dev.20260623.1':
    resolution: {integrity: sha512-8AX9NwC+G6Sbh5hNLnx8YgxoRV/8BH8FQRtZ86OTtUQfESMRvwszOGTtfcC32g86O5jsEQPDHXKVSnsIzWh6lg==}
    engines: {node: '>=16.20.0'}
    cpu: [arm64]
    os: [darwin]

  '@typescript/native-preview-darwin-x64@7.0.0-dev.20260623.1':
    resolution: {integrity: sha512-ef+JmOjtTu0BRdhAq69WbzCWjZsG6gqS8xDI4fKABdWXlrVojPkrD2OObog3PC7Qte8us6QspQvvnKTf7yKFSQ==}
    engines: {node: '>=16.20.0'}
    cpu: [x64]
    os: [darwin]

  '@typescript/native-preview-linux-arm64@7.0.0-dev.20260623.1':
    resolution: {integrity: sha512-xb9m0WXvIPHOogGTC02iBv3cwRJ7q+Ql2ABcsu4kHYc1p02JSbIBEfu3g58TpcFZyODsO+8WaDylx/hBiGzlVw==}
    engines: {node: '>=16.20.0'}
    cpu: [arm64]
    os: [linux]

  '@typescript/native-preview-linux-arm@7.0.0-dev.20260623.1':
    resolution: {integrity: sha512-8f9dT1RaOK3Wy/puboAcCik4HBX6mfWt5hOMipWehDfInNFI6XP3ZYErShowBQ0Tkln5qdGqDIoq452PO/ZwCA==}
    engines: {node: '>=16.20.0'}
    cpu: [arm]
    os: [linux]

  '@typescript/native-preview-linux-x64@7.0.0-dev.20260623.1':
    resolution: {integrity: sha512-AZRp6q0SyVw9xe9kpyfTmavqkQKizDhmOLglDHbxAu4Y3inL6r2GSE7q3w/eO4R259dIwl5TM52DZKK8onoT6Q==}
    engines: {node: '>=16.20.0'}
    cpu: [x64]
    os: [linux]

  '@typescript/native-preview-win32-arm64@7.0.0-dev.20260623.1':
    resolution: {integrity: sha512-DXRMXOe/JEmf2CULZZn1xvRuJrnZ9DxzDubxtW85pE0aSLgl+VuplWCsZrBxaCZDrWMRIfMDV8Y0y+Yftx/jeQ==}
    engines: {node: '>=16.20.0'}
    cpu: [arm64]
    os: [win32]

  '@typescript/native-preview-win32-x64@7.0.0-dev.20260623.1':
    resolution: {integrity: sha512-kYB1I6tdxWHjhSt8B2v9CHmpOJwJvD88LUCxiBS9C59pwrGe+LAwZvbTTJxvULNaUEjxdiMomYerWWhD/09Y3g==}
    engines: {node: '>=16.20.0'}
    cpu: [x64]
    os: [win32]

  '@typescript/native-preview@7.0.0-dev.20260623.1':
    resolution: {integrity: sha512-33AkAhmRu1/w4nRFLnJ9lic7FSzW4zWfU1u5DP7A2+j1445SSNvf3Q4WGtDzdAR5HSlk8vXEa0B4xUHR5vM1tg==}
    engines: {node: '>=16.20.0'}
    hasBin: true

  ajv-draft-04@1.0.0:
    resolution: {integrity: sha512-mv00Te6nmYbRp5DCwclxtt7yV/joXJPGS7nM+97GdxvuttCOfgI3K4U25zboyeX0O+myI8ERluxQe5wljMmVIw==}
    peerDependencies:
      ajv: ^8.5.0
    peerDependenciesMeta:
      ajv:
        optional: true

  ajv-formats@3.0.1:
    resolution: {integrity: sha512-8iUql50EUR+uUcdRQ3HDqa6EVyo3docL8g5WJ3FNcWmu62IbkGUue/pEyLBW8VGKKucTPgqeks4fIU1DA4yowQ==}
    peerDependencies:
      ajv: ^8.0.0
    peerDependenciesMeta:
      ajv:
        optional: true

  ajv@8.18.0:
    resolution: {integrity: sha512-PlXPeEWMXMZ7sPYOHqmDyCJzcfNrUr3fGNKtezX14ykXOEIvyK81d+qydx89KY5O71FKMPaQ2vBfBFI5NHR63A==}

  argparse@1.0.10:
    resolution: {integrity: sha512-o5Roy6tNG4SL/FOkCAN6RzjiakZS25RLYFrcMttJqbdd8BWrnA+fGz57iN5Pb06pvBGvl5gQ0B48dJlslXvoTg==}

  assertion-error@2.0.1:
    resolution: {integrity: sha512-Izi8RQcffqCeNVgFigKli1ssklIbpHnCYc6AknXGYoB6grJqyeby7jv12JUQgmTAnIDnbck1uxksT4dzN3PWBA==}
    engines: {node: '>=12'}

  balanced-match@4.0.4:
    resolution: {integrity: sha512-BLrgEcRTwX2o6gGxGOCNyMvGSp35YofuYzw9h1IMTRmKqttAZZVU67bdb9Pr2vUHA8+j3i2tJfjO6C6+4myGTA==}
    engines: {node: 18 || 20 || >=22}

  brace-expansion@5.0.6:
    resolution: {integrity: sha512-kLpxurY4Z4r9sgMsyG0Z9uzsBlgiU/EFKhj/h91/8yHu0edo7XuixOIH3VcJ8kkxs6/jPzoI6U9Vj3WqbMQ94g==}
    engines: {node: 18 || 20 || >=22}

  core-js@3.47.0:
    resolution: {integrity: sha512-c3Q2VVkGAUyupsjRnaNX6u8Dq2vAdzm9iuPj5FW0fRxzlxgq9Q39MDq10IvmQSpLgHQNyQzQmOo6bgGHmH3NNg==}

  diff@8.0.4:
    resolution: {integrity: sha512-DPi0FmjiSU5EvQV0++GFDOJ9ASQUVFh5kD+OzOnYdi7n3Wpm9hWWGfB/O2blfHcMVTL5WkQXSnRiK9makhrcnw==}
    engines: {node: '>=0.3.1'}

  fast-deep-equal@3.1.3:
    resolution: {integrity: sha512-f3qQ9oQy9j2AhBe/H9VC91wLmKBCCU/gDOnKNAYG5hswO7BLKj09Hc5HYNz9cGI++xlpDCIgDaitVs03ATR84Q==}

  fast-uri@3.1.2:
    resolution: {integrity: sha512-rVjf7ArG3LTk+FS6Yw81V1DLuZl1bRbNrev6Tmd/9RaroeeRRJhAt7jg/6YFxbvAQXUCavSoZhPPj6oOx+5KjQ==}

  fs-extra@11.3.5:
    resolution: {integrity: sha512-eKpRKAovdpZtR1WopLHxlBWvAgPny3c4gX1G5Jhwmmw4XJj0ifSD5qB5TOo8hmA0wlRKDAOAhEE1yVPgs6Fgcg==}
    engines: {node: '>=14.14'}

  function-bind@1.1.2:
    resolution: {integrity: sha512-7XHNxH7qX9xG5mIwxkhumTox/MIRNcOgDrxWsMt2pAr23WHp6MrRlN7FBSFpCpr+oVO0F744iUgR82nJMfG2SA==}

  graceful-fs@4.2.11:
    resolution: {integrity: sha512-RbJ5/jmFcNNCcDV5o9eTnBLJ/HszWV0P73bc+Ff4nS/rJj+YaS6IGyiOL0VoBYX+l1Wrl3k63h/KrH+nhJ0XvQ==}

  has-flag@4.0.0:
    resolution: {integrity: sha512-EykJT/Q1KjTWctppgIAgfSO0tKVuZUjhgMr17kqTumMl6Afv3EISleU7qZUzoXDFTAHTDC4NOoG/ZxU3EvlMPQ==}
    engines: {node: '>=8'}

  hasown@2.0.2:
    resolution: {integrity: sha512-0hJU9SCPvmMzIBdZFqNPXWa6dqh7WdH0cII9y+CyS8rG3nL48Bclra9HmKhVVUHyPWNH5Y7xDwAB7bfgSjkUMQ==}
    engines: {node: '>= 0.4'}

  import-lazy@4.0.0:
    resolution: {integrity: sha512-rKtvo6a868b5Hu3heneU+L4yEQ4jYKLtjpnPeUdK7h0yzXGmyBTypknlkCvHFBqfX9YlorEiMM6Dnq/5atfHkw==}
    engines: {node: '>=8'}

  is-core-module@2.15.0:
    resolution: {integrity: sha512-Dd+Lb2/zvk9SKy1TGCt1wFJFo/MWBPMX5x7KcvLajWTGuomczdQX61PvY5yK6SVACwpoexWo81IfFyoKY2QnTA==}
    engines: {node: '>= 0.4'}

  jiti@2.6.1:
    resolution: {integrity: sha512-ekilCSN1jwRvIbgeg/57YFh8qQDNbwDb9xT/qu2DAHbFFZUicIl4ygVaAvzveMhMVr3LnpSKTNnwt8PoOfmKhQ==}
    hasBin: true

  jju@1.4.0:
    resolution: {integrity: sha512-8wb9Yw966OSxApiCt0K3yNJL8pnNeIv+OEq2YMidz4FKP6nonSRoOXc80iXY4JaN2FC11B9qsNmDsm+ZOfMROA==}

  json-schema-traverse@1.0.0:
    resolution: {integrity: sha512-NM8/P9n3XjXhIZn1lLhkFaACTOURQXjWhV4BA/RnOv8xvgqtqpAX9IO4mRQxSx1Rlo4tqzeqb0sOlruaOy3dug==}

  jsonfile@6.1.0:
    resolution: {integrity: sha512-5dgndWOriYSm5cnYaJNhalLNDKOqFwyDB/rr1E9ZsGciGvKPs8R2xYGCacuf3z6K1YKDz182fd+fY3cn3pMqXQ==}

  lodash-es@4.17.21:
    resolution: {integrity: sha512-mKnC+QJ9pWVzv+C4/U3rRsHapFfHvQFoFB92e52xeyGMcX6/OlIl78je1u8vePzYZSkkogMPJ2yjxxsb89cxyw==}

  minimatch@10.2.3:
    resolution: {integrity: sha512-Rwi3pnapEqirPSbWbrZaa6N3nmqq4Xer/2XooiOKyV3q12ML06f7MOuc5DVH8ONZIFhwIYQ3yzPH4nt7iWHaTg==}
    engines: {node: 18 || 20 || >=22}

  mri@1.2.0:
    resolution: {integrity: sha512-tzzskb3bG8LvYGFF/mDTpq3jpI6Q9wc3LEmBaghu+DdCssd1FakN7Bc0hVNmEyGq1bq3RgfkCb3cmQLpNPOroA==}
    engines: {node: '>=4'}

  package-manager-detector@1.6.0:
    resolution: {integrity: sha512-61A5ThoTiDG/C8s8UMZwSorAGwMJ0ERVGj2OjoW5pAalsNOg15+iQiPzrLJ4jhZ1HJzmC2PIHT2oEiH3R5fzNA==}

  path-parse@1.0.7:
    resolution: {integrity: sha512-LDJzPVEEEPR+y48z93A0Ed0yXb8pAByGWo/k5YYdYgpY2/2EsOsksJrq7lOHxryrVOn1ejG6oAp8ahvOIQD8sw==}

  picocolors@1.1.1:
    resolution: {integrity: sha512-xceH2snhtb5M9liqDsmEw56le376mTZkEX/jEb/RxNFyegNul7eNslCXP9FDj/Lcu0X8KEyMceP2ntpaHrDEVA==}

  picomatch@4.0.4:
    resolution: {integrity: sha512-QP88BAKvMam/3NxH6vj2o21R6MjxZUAd6nlwAS/pnGvN9IVLocLHxGYIzFhg6fUQ+5th6P4dv4eW9jX3DSIj7A==}
    engines: {node: '>=12'}

  prettier@3.8.4:
    resolution: {integrity: sha512-N2MylSdi48+5N/6S5j+maeHbUSIzzZ5uOcX5Hm4QpV8Dkb1HFjfAKTKX6yNPJQD9AhcT3ifHNB66tWTTJDi11Q==}
    engines: {node: '>=14'}
    hasBin: true

  publint@0.3.21:
    resolution: {integrity: sha512-OqejcnMV6E9zel2oCrUOJEiiFkGiAAni0A6ibfQNh1k9Gu5z4F+Yso8lllam7AzmV6Do0vp7u3UpZNRBwuXaHQ==}
    engines: {node: '>=18'}
    hasBin: true

  require-from-string@2.0.2:
    resolution: {integrity: sha512-Xf0nWe6RseziFMu+Ap9biiUbmplq6S9/p+7w7YXP/JBHhrUDDUhwa+vANyubuqfZWTveU//DYVGsDG7RKL/vEw==}
    engines: {node: '>=0.10.0'}

  resolve@1.22.8:
    resolution: {integrity: sha512-oKWePCxqpd6FlLvGV1VU0x7bkPmmCNolxzjMf4NczoDnQcIWrAF+cPtZn5i6n+RfD2d9i0tzpKnG6Yk168yIyw==}
    hasBin: true

  rsbuild-plugin-dts@0.23.0:
    resolution: {integrity: sha512-3dyx2+ZeIFRR1E3f28wQrcDW1kMa15thHBe97dJby/rE9GQusGPw+td8sVQnxcxhXwzy7eFkUOzN5XoZ/Nj++A==}
    engines: {node: ^20.19.0 || >=22.12.0}
    peerDependencies:
      '@microsoft/api-extractor': ^7
      '@rsbuild/core': ^1.0.0 || ^2.0.0-0
      '@typescript/native-preview': ^7.0.0-0
      typescript: ^5 || ^6
    peerDependenciesMeta:
      '@microsoft/api-extractor':
        optional: true
      '@typescript/native-preview':
        optional: true
      typescript:
        optional: true

  rsbuild-plugin-publint@1.0.0:
    resolution: {integrity: sha512-QNu6zL0TOmFZfrCiKSmkw092jDhhPpiA1QYDRkvhkW1wDLowuVEYOqdV87Eo/I6geV0nuKKnCgLHT+Fevbz6pA==}
    engines: {node: ^20.19.0 || >=22.12.0}
    peerDependencies:
      '@rsbuild/core': ^1.0.0 || ^2.0.0-0
    peerDependenciesMeta:
      '@rsbuild/core':
        optional: true

  sade@1.8.1:
    resolution: {integrity: sha512-xal3CZX1Xlo/k4ApwCFrHVACi9fBqJ7V+mwhBsuf/1IOKbBy098Fex+Wa/5QMubw09pSZ/u8EY8PWgevJsXp1A==}
    engines: {node: '>=6'}

  semver@7.7.4:
    resolution: {integrity: sha512-vFKC2IEtQnVhpT78h1Yp8wzwrf8CM+MzKMHGJZfBtzhZNycRFnXsHk6E5TxIkkMsgNS7mdX3AGB7x2QM2di4lA==}
    engines: {node: '>=10'}
    hasBin: true

  simple-git-hooks@2.11.1:
    resolution: {integrity: sha512-tgqwPUMDcNDhuf1Xf6KTUsyeqGdgKMhzaH4PAZZuzguOgTl5uuyeYe/8mWgAr6IBxB5V06uqEf6Dy37gIWDtDg==}
    hasBin: true

  source-map@0.6.1:
    resolution: {integrity: sha512-UjgapumWlbMhkBgzT7Ykc5YXUT46F0iKu8SGXq0bcwP5dz/h0Plj6enJqjz1Zbq2l5WaqYnrVbwWOWMyF3F47g==}
    engines: {node: '>=0.10.0'}

  sprintf-js@1.0.3:
    resolution: {integrity: sha512-D9cPgkvLlV3t3IzL0D0YLvGA9Ahk4PcvVwUbN0dSGr1aP0Nrt4AEnTUbuGvquEC0mA64Gqt1fzirlRs5ibXx8g==}

  string-argv@0.3.2:
    resolution: {integrity: sha512-aqD2Q0144Z+/RqG52NeHEkZauTAUWJO8c6yTftGJKO3Tja5tUgIfmIl6kExvhtxSDP7fXB6DvzkfMpCd/F3G+Q==}
    engines: {node: '>=0.6.19'}

  supports-color@8.1.1:
    resolution: {integrity: sha512-MpUEN2OodtUzxvKQl72cUF7RQ5EiHsGvSsVG0ia9c5RbWGL2CI4C7EpPS8UTBIplnlzZiNuV56w+FuNxy3ty2Q==}
    engines: {node: '>=10'}

  supports-preserve-symlinks-flag@1.0.0:
    resolution: {integrity: sha512-ot0WnXS9fgdkgIcePe6RHNk1WA8+muPa6cSjeR3V8K27q9BB1rTE3R1p7Hv0z1ZyAc8s6Vvv8DIyWf681MAt0w==}
    engines: {node: '>= 0.4'}

  tslib@2.8.1:
    resolution: {integrity: sha512-oJFu94HQb+KVduSUQL7wnpmqnfmLsOA/nAh6b6EH0wCEoK0/mPeXU6c3wKDV83MkOuHPRHtSXKKU99IBazS/2w==}

  typescript@5.9.3:
    resolution: {integrity: sha512-jl1vZzPDinLr9eUt3J/t7V6FgNEw9QjvBPdysz9KfQDD41fQrC2Y4vKQdiaUpFT4bXlb1RHhLpp8wtm6M5TgSw==}
    engines: {node: '>=14.17'}
    hasBin: true

  typescript@6.0.3:
    resolution: {integrity: sha512-y2TvuxSZPDyQakkFRPZHKFm+KKVqIisdg9/CZwm9ftvKXLP8NRWj38/ODjNbr43SsoXqNuAisEf1GdCxqWcdBw==}
    engines: {node: '>=14.17'}
    hasBin: true

  undici-types@6.20.0:
    resolution: {integrity: sha512-Ny6QZ2Nju20vw1SRHe3d9jVu6gJ+4e3+MMpqu7pqE5HT6WsTSlce++GQmK5UXS8mzV8DSYHrQH+Xrf2jVcuKNg==}

  universalify@2.0.1:
    resolution: {integrity: sha512-gptHNQghINnc/vTGIk0SOFGFNXw7JVrlRUtConJRlvaw6DuX0wO5Jeko9sWrMBhh+PsYAZ7oXAiOnf/UKogyiw==}
    engines: {node: '>= 10.0.0'}

  upath@2.0.1:
    resolution: {integrity: sha512-1uEe95xksV1O0CYKXo8vQvN1JEbtJp7lb7C5U9HMsIp6IVwntkH/oNUzyVNQSd4S1sYk2FpSSW44FqMc8qee5w==}
    engines: {node: '>=4'}

snapshots:

  '@ast-grep/napi-darwin-arm64@0.37.0':
    optional: true

  '@ast-grep/napi-darwin-x64@0.37.0':
    optional: true

  '@ast-grep/napi-linux-arm64-gnu@0.37.0':
    optional: true

  '@ast-grep/napi-linux-arm64-musl@0.37.0':
    optional: true

  '@ast-grep/napi-linux-x64-gnu@0.37.0':
    optional: true

  '@ast-grep/napi-linux-x64-musl@0.37.0':
    optional: true

  '@ast-grep/napi-win32-arm64-msvc@0.37.0':
    optional: true

  '@ast-grep/napi-win32-ia32-msvc@0.37.0':
    optional: true

  '@ast-grep/napi-win32-x64-msvc@0.37.0':
    optional: true

  '@ast-grep/napi@0.37.0':
    optionalDependencies:
      '@ast-grep/napi-darwin-arm64': 0.37.0
      '@ast-grep/napi-darwin-x64': 0.37.0
      '@ast-grep/napi-linux-arm64-gnu': 0.37.0
      '@ast-grep/napi-linux-arm64-musl': 0.37.0
      '@ast-grep/napi-linux-x64-gnu': 0.37.0
      '@ast-grep/napi-linux-x64-musl': 0.37.0
      '@ast-grep/napi-win32-arm64-msvc': 0.37.0
      '@ast-grep/napi-win32-ia32-msvc': 0.37.0
      '@ast-grep/napi-win32-x64-msvc': 0.37.0

  '@emnapi/core@1.10.0':
    dependencies:
      '@emnapi/wasi-threads': 1.2.1
      tslib: 2.8.1
    optional: true

  '@emnapi/runtime@1.10.0':
    dependencies:
      tslib: 2.8.1
    optional: true

  '@emnapi/wasi-threads@1.2.1':
    dependencies:
      tslib: 2.8.1
    optional: true

  '@microsoft/api-extractor-model@7.33.8(@types/node@22.10.1)':
    dependencies:
      '@microsoft/tsdoc': 0.16.0
      '@microsoft/tsdoc-config': 0.18.1
      '@rushstack/node-core-library': 5.23.1(@types/node@22.10.1)
    transitivePeerDependencies:
      - '@types/node'

  '@microsoft/api-extractor@7.58.9(@types/node@22.10.1)':
    dependencies:
      '@microsoft/api-extractor-model': 7.33.8(@types/node@22.10.1)
      '@microsoft/tsdoc': 0.16.0
      '@microsoft/tsdoc-config': 0.18.1
      '@rushstack/node-core-library': 5.23.1(@types/node@22.10.1)
      '@rushstack/rig-package': 0.7.3
      '@rushstack/terminal': 0.24.0(@types/node@22.10.1)
      '@rushstack/ts-command-line': 5.3.10(@types/node@22.10.1)
      diff: 8.0.4
      minimatch: 10.2.3
      resolve: 1.22.8
      semver: 7.7.4
      source-map: 0.6.1
      typescript: 5.9.3
    transitivePeerDependencies:
      - '@types/node'

  '@microsoft/tsdoc-config@0.18.1':
    dependencies:
      '@microsoft/tsdoc': 0.16.0
      ajv: 8.18.0
      jju: 1.4.0
      resolve: 1.22.8

  '@microsoft/tsdoc@0.16.0': {}

  '@napi-rs/wasm-runtime@1.1.4(@emnapi/core@1.10.0)(@emnapi/runtime@1.10.0)':
    dependencies:
      '@emnapi/core': 1.10.0
      '@emnapi/runtime': 1.10.0
      '@tybys/wasm-util': 0.10.1
    optional: true

  '@publint/pack@0.1.4': {}

  '@rsbuild/core@2.0.15(core-js@3.47.0)':
    dependencies:
      '@rspack/core': 2.0.8(@swc/helpers@0.5.23)
      '@swc/helpers': 0.5.23
    optionalDependencies:
      core-js: 3.47.0
    transitivePeerDependencies:
      - '@module-federation/runtime-tools'

  '@rslib/core@0.23.0(@microsoft/api-extractor@7.58.9(@types/node@22.10.1))(@typescript/native-preview@7.0.0-dev.20260623.1)(core-js@3.47.0)(typescript@6.0.3)':
    dependencies:
      '@rsbuild/core': 2.0.15(core-js@3.47.0)
      rsbuild-plugin-dts: 0.23.0(@microsoft/api-extractor@7.58.9(@types/node@22.10.1))(@rsbuild/core@2.0.15(core-js@3.47.0))(@typescript/native-preview@7.0.0-dev.20260623.1)(typescript@6.0.3)
    optionalDependencies:
      '@microsoft/api-extractor': 7.58.9(@types/node@22.10.1)
      typescript: 6.0.3
    transitivePeerDependencies:
      - '@module-federation/runtime-tools'
      - '@typescript/native-preview'
      - core-js

  '@rslint/core@0.6.2(jiti@2.6.1)':
    dependencies:
      picomatch: 4.0.4
    optionalDependencies:
      '@rslint/native-darwin-arm64': 0.6.2
      '@rslint/native-darwin-x64': 0.6.2
      '@rslint/native-linux-arm64-gnu': 0.6.2
      '@rslint/native-linux-arm64-musl': 0.6.2
      '@rslint/native-linux-x64-gnu': 0.6.2
      '@rslint/native-linux-x64-musl': 0.6.2
      '@rslint/native-win32-arm64-msvc': 0.6.2
      '@rslint/native-win32-x64-msvc': 0.6.2
      jiti: 2.6.1

  '@rslint/native-darwin-arm64@0.6.2':
    optional: true

  '@rslint/native-darwin-x64@0.6.2':
    optional: true

  '@rslint/native-linux-arm64-gnu@0.6.2':
    optional: true

  '@rslint/native-linux-arm64-musl@0.6.2':
    optional: true

  '@rslint/native-linux-x64-gnu@0.6.2':
    optional: true

  '@rslint/native-linux-x64-musl@0.6.2':
    optional: true

  '@rslint/native-win32-arm64-msvc@0.6.2':
    optional: true

  '@rslint/native-win32-x64-msvc@0.6.2':
    optional: true

  '@rspack/binding-darwin-arm64@2.0.8':
    optional: true

  '@rspack/binding-darwin-x64@2.0.8':
    optional: true

  '@rspack/binding-linux-arm64-gnu@2.0.8':
    optional: true

  '@rspack/binding-linux-arm64-musl@2.0.8':
    optional: true

  '@rspack/binding-linux-x64-gnu@2.0.8':
    optional: true

  '@rspack/binding-linux-x64-musl@2.0.8':
    optional: true

  '@rspack/binding-wasm32-wasi@2.0.8':
    dependencies:
      '@emnapi/core': 1.10.0
      '@emnapi/runtime': 1.10.0
      '@napi-rs/wasm-runtime': 1.1.4(@emnapi/core@1.10.0)(@emnapi/runtime@1.10.0)
    optional: true

  '@rspack/binding-win32-arm64-msvc@2.0.8':
    optional: true

  '@rspack/binding-win32-ia32-msvc@2.0.8':
    optional: true

  '@rspack/binding-win32-x64-msvc@2.0.8':
    optional: true

  '@rspack/binding@2.0.8':
    optionalDependencies:
      '@rspack/binding-darwin-arm64': 2.0.8
      '@rspack/binding-darwin-x64': 2.0.8
      '@rspack/binding-linux-arm64-gnu': 2.0.8
      '@rspack/binding-linux-arm64-musl': 2.0.8
      '@rspack/binding-linux-x64-gnu': 2.0.8
      '@rspack/binding-linux-x64-musl': 2.0.8
      '@rspack/binding-wasm32-wasi': 2.0.8
      '@rspack/binding-win32-arm64-msvc': 2.0.8
      '@rspack/binding-win32-ia32-msvc': 2.0.8
      '@rspack/binding-win32-x64-msvc': 2.0.8

  '@rspack/core@2.0.8(@swc/helpers@0.5.23)':
    dependencies:
      '@rspack/binding': 2.0.8
    optionalDependencies:
      '@swc/helpers': 0.5.23

  '@rstest/adapter-rslib@0.10.6(@rslib/core@0.23.0(@microsoft/api-extractor@7.58.9(@types/node@22.10.1))(@typescript/native-preview@7.0.0-dev.20260623.1)(core-js@3.47.0)(typescript@6.0.3))(@rstest/core@0.10.6(core-js@3.47.0))(typescript@6.0.3)':
    dependencies:
      '@rslib/core': 0.23.0(@microsoft/api-extractor@7.58.9(@types/node@22.10.1))(@typescript/native-preview@7.0.0-dev.20260623.1)(core-js@3.47.0)(typescript@6.0.3)
      '@rstest/core': 0.10.6(core-js@3.47.0)
    optionalDependencies:
      typescript: 6.0.3

  '@rstest/core@0.10.6(core-js@3.47.0)':
    dependencies:
      '@rsbuild/core': 2.0.15(core-js@3.47.0)
      '@types/chai': 5.2.3
    transitivePeerDependencies:
      - '@module-federation/runtime-tools'
      - core-js

  '@rushstack/node-core-library@5.23.1(@types/node@22.10.1)':
    dependencies:
      ajv: 8.18.0
      ajv-draft-04: 1.0.0(ajv@8.18.0)
      ajv-formats: 3.0.1(ajv@8.18.0)
      fs-extra: 11.3.5
      import-lazy: 4.0.0
      jju: 1.4.0
      resolve: 1.22.8
      semver: 7.7.4
    optionalDependencies:
      '@types/node': 22.10.1

  '@rushstack/problem-matcher@0.2.1(@types/node@22.10.1)':
    optionalDependencies:
      '@types/node': 22.10.1

  '@rushstack/rig-package@0.7.3':
    dependencies:
      jju: 1.4.0
      resolve: 1.22.8

  '@rushstack/terminal@0.24.0(@types/node@22.10.1)':
    dependencies:
      '@rushstack/node-core-library': 5.23.1(@types/node@22.10.1)
      '@rushstack/problem-matcher': 0.2.1(@types/node@22.10.1)
      supports-color: 8.1.1
    optionalDependencies:
      '@types/node': 22.10.1

  '@rushstack/ts-command-line@5.3.10(@types/node@22.10.1)':
    dependencies:
      '@rushstack/terminal': 0.24.0(@types/node@22.10.1)
      '@types/argparse': 1.0.38
      argparse: 1.0.10
      string-argv: 0.3.2
    transitivePeerDependencies:
      - '@types/node'

  '@swc/helpers@0.5.23':
    dependencies:
      tslib: 2.8.1

  '@tybys/wasm-util@0.10.1':
    dependencies:
      tslib: 2.8.1
    optional: true

  '@types/argparse@1.0.38': {}

  '@types/chai@5.2.3':
    dependencies:
      '@types/deep-eql': 4.0.2
      assertion-error: 2.0.1

  '@types/deep-eql@4.0.2': {}

  '@types/lodash-es@4.17.12':
    dependencies:
      '@types/lodash': 4.17.7

  '@types/lodash@4.17.7': {}

  '@types/node@22.10.1':
    dependencies:
      undici-types: 6.20.0

  '@typescript/native-preview-darwin-arm64@7.0.0-dev.20260623.1':
    optional: true

  '@typescript/native-preview-darwin-x64@7.0.0-dev.20260623.1':
    optional: true

  '@typescript/native-preview-linux-arm64@7.0.0-dev.20260623.1':
    optional: true

  '@typescript/native-preview-linux-arm@7.0.0-dev.20260623.1':
    optional: true

  '@typescript/native-preview-linux-x64@7.0.0-dev.20260623.1':
    optional: true

  '@typescript/native-preview-win32-arm64@7.0.0-dev.20260623.1':
    optional: true

  '@typescript/native-preview-win32-x64@7.0.0-dev.20260623.1':
    optional: true

  '@typescript/native-preview@7.0.0-dev.20260623.1':
    optionalDependencies:
      '@typescript/native-preview-darwin-arm64': 7.0.0-dev.20260623.1
      '@typescript/native-preview-darwin-x64': 7.0.0-dev.20260623.1
      '@typescript/native-preview-linux-arm': 7.0.0-dev.20260623.1
      '@typescript/native-preview-linux-arm64': 7.0.0-dev.20260623.1
      '@typescript/native-preview-linux-x64': 7.0.0-dev.20260623.1
      '@typescript/native-preview-win32-arm64': 7.0.0-dev.20260623.1
      '@typescript/native-preview-win32-x64': 7.0.0-dev.20260623.1

  ajv-draft-04@1.0.0(ajv@8.18.0):
    optionalDependencies:
      ajv: 8.18.0

  ajv-formats@3.0.1(ajv@8.18.0):
    optionalDependencies:
      ajv: 8.18.0

  ajv@8.18.0:
    dependencies:
      fast-deep-equal: 3.1.3
      fast-uri: 3.1.2
      json-schema-traverse: 1.0.0
      require-from-string: 2.0.2

  argparse@1.0.10:
    dependencies:
      sprintf-js: 1.0.3

  assertion-error@2.0.1: {}

  balanced-match@4.0.4: {}

  brace-expansion@5.0.6:
    dependencies:
      balanced-match: 4.0.4

  core-js@3.47.0:
    optional: true

  diff@8.0.4: {}

  fast-deep-equal@3.1.3: {}

  fast-uri@3.1.2: {}

  fs-extra@11.3.5:
    dependencies:
      graceful-fs: 4.2.11
      jsonfile: 6.1.0
      universalify: 2.0.1

  function-bind@1.1.2: {}

  graceful-fs@4.2.11: {}

  has-flag@4.0.0: {}

  hasown@2.0.2:
    dependencies:
      function-bind: 1.1.2

  import-lazy@4.0.0: {}

  is-core-module@2.15.0:
    dependencies:
      hasown: 2.0.2

  jiti@2.6.1:
    optional: true

  jju@1.4.0: {}

  json-schema-traverse@1.0.0: {}

  jsonfile@6.1.0:
    dependencies:
      universalify: 2.0.1
    optionalDependencies:
      graceful-fs: 4.2.11

  lodash-es@4.17.21: {}

  minimatch@10.2.3:
    dependencies:
      brace-expansion: 5.0.6

  mri@1.2.0: {}

  package-manager-detector@1.6.0: {}

  path-parse@1.0.7: {}

  picocolors@1.1.1: {}

  picomatch@4.0.4: {}

  prettier@3.8.4: {}

  publint@0.3.21:
    dependencies:
      '@publint/pack': 0.1.4
      package-manager-detector: 1.6.0
      picocolors: 1.1.1
      sade: 1.8.1

  require-from-string@2.0.2: {}

  resolve@1.22.8:
    dependencies:
      is-core-module: 2.15.0
      path-parse: 1.0.7
      supports-preserve-symlinks-flag: 1.0.0

  rsbuild-plugin-dts@0.23.0(@microsoft/api-extractor@7.58.9(@types/node@22.10.1))(@rsbuild/core@2.0.15(core-js@3.47.0))(@typescript/native-preview@7.0.0-dev.20260623.1)(typescript@6.0.3):
    dependencies:
      '@ast-grep/napi': 0.37.0
      '@rsbuild/core': 2.0.15(core-js@3.47.0)
    optionalDependencies:
      '@microsoft/api-extractor': 7.58.9(@types/node@22.10.1)
      '@typescript/native-preview': 7.0.0-dev.20260623.1
      typescript: 6.0.3

  rsbuild-plugin-publint@1.0.0(@rsbuild/core@2.0.15(core-js@3.47.0)):
    dependencies:
      publint: 0.3.21
    optionalDependencies:
      '@rsbuild/core': 2.0.15(core-js@3.47.0)

  sade@1.8.1:
    dependencies:
      mri: 1.2.0

  semver@7.7.4: {}

  simple-git-hooks@2.11.1: {}

  source-map@0.6.1: {}

  sprintf-js@1.0.3: {}

  string-argv@0.3.2: {}

  supports-color@8.1.1:
    dependencies:
      has-flag: 4.0.0

  supports-preserve-symlinks-flag@1.0.0: {}

  tslib@2.8.1: {}

  typescript@5.9.3: {}

  typescript@6.0.3: {}

  undici-types@6.20.0: {}

  universalify@2.0.1: {}

  upath@2.0.1: {}
